<?xml version="1.0" encoding="utf-8"?>
<Project ToolsVersion="4.0" xmlns="http://schemas.microsoft.com/developer/msbuild/2003">
  <ItemGroup>
    <Filter Include="Source Files">
      <UniqueIdentifier>{4FC737F1-C7A5-4376-A066-2A32D752A2FF}</UniqueIdentifier>
      <Extensions>cpp;c;cc;cxx;def;odl;idl;hpj;bat;asm;asmx</Extensions>
    </Filter>
    <Filter Include="Header Files">
      <UniqueIdentifier>{93995380-89BD-4b04-88EB-625FBE52EBFB}</UniqueIdentifier>
      <Extensions>h;hh;hpp;hxx;hm;inl;inc;xsd</Extensions>
    </Filter>
    <Filter Include="Resource Files">
      <UniqueIdentifier>{67DA6AB6-F800-4c08-8B7A-83BB121AAD01}</UniqueIdentifier>
      <Extensions>rc;ico;cur;bmp;dlg;rc2;rct;bin;rgs;gif;jpg;jpeg;jpe;resx;tiff;tif;png;wav;mfcribbon-ms</Extensions>
    </Filter>
    <Filter Include="Header Files\butils">
      <UniqueIdentifier>{657bb21c-7a85-4505-955b-cdbc2e4f7dc6}</UniqueIdentifier>
    </Filter>
    <Filter Include="Header Files\insdb">
      <UniqueIdentifier>{0d258c06-63ce-49a9-9156-531062feefdf}</UniqueIdentifier>
    </Filter>
    <Filter Include="Header Files\inscomp">
      <UniqueIdentifier>{932d22c0-bfce-49ac-aba3-59077fd3b290}</UniqueIdentifier>
    </Filter>
  </ItemGroup>
  <ItemGroup>
    <ClInclude Include="src\Insight2args.h">
      <Filter>Source Files</Filter>
    </ClInclude>
    <ClInclude Include="src\butils\butils.h">
      <Filter>Header Files\butils</Filter>
    </ClInclude>
    <ClInclude Include="src\butils\butils_ext.h">
      <Filter>Header Files\butils</Filter>
    </ClInclude>
    <ClInclude Include="src\butils\ezmatrix.h">
      <Filter>Header Files\butils</Filter>
    </ClInclude>
    <ClInclude Include="src\butils\fastfile.h">
      <Filter>Header Files\butils</Filter>
    </ClInclude>
    <ClInclude Include="src\butils\FmtSimple.h">
      <Filter>Header Files\butils</Filter>
    </ClInclude>
    <ClInclude Include="src\butils\lbfgsb.c.h">
      <Filter>Header Files\butils</Filter>
    </ClInclude>
    <ClInclude Include="src\butils\lbfgsb.hpp">
      <Filter>Header Files\butils</Filter>
    </ClInclude>
    <ClInclude Include="src\butils\mathplus.h">
      <Filter>Header Files\butils</Filter>
    </ClInclude>
    <ClInclude Include="src\butils\optimizer.h">
      <Filter>Header Files\butils</Filter>
    </ClInclude>
    <ClInclude Include="src\butils\optimizer.types.h">
      <Filter>Header Files\butils</Filter>
    </ClInclude>
    <ClInclude Include="src\butils\RTable.h">
      <Filter>Header Files\butils</Filter>
    </ClInclude>
    <ClInclude Include="src\butils\stringer.h">
      <Filter>Header Files\butils</Filter>
    </ClInclude>
    <ClInclude Include="src\butils\util.h">
      <Filter>Header Files\butils</Filter>
    </ClInclude>
    <ClInclude Include="src\butils\vecarray.h">
      <Filter>Header Files\butils</Filter>
    </ClInclude>
    <ClInclude Include="src\insdb\Block.h">
      <Filter>Header Files\insdb</Filter>
    </ClInclude>
    <ClInclude Include="src\insdb\DB.h">
      <Filter>Header Files\insdb</Filter>
    </ClInclude>
    <ClInclude Include="src\insdb\insdb.h">
      <Filter>Header Files\insdb</Filter>
    </ClInclude>
    <ClInclude Include="src\insdb\insdb_ext.h">
      <Filter>Header Files\insdb</Filter>
    </ClInclude>
    <ClInclude Include="src\insdb\Locus.h">
      <Filter>Header Files\insdb</Filter>
    </ClInclude>
    <ClInclude Include="src\insdb\Mono.h">
      <Filter>Header Files\insdb</Filter>
    </ClInclude>
    <ClInclude Include="src\insdb\Poly.h">
      <Filter>Header Files\insdb</Filter>
    </ClInclude>
    <ClInclude Include="src\insdb\util.h">
      <Filter>Header Files\insdb</Filter>
    </ClInclude>
    <ClInclude Include="src\inscomp\Block.h">
      <Filter>Header Files\inscomp</Filter>
    </ClInclude>
    <ClInclude Include="src\inscomp\BlockCompiler.h">
      <Filter>Header Files\inscomp</Filter>
    </ClInclude>
    <ClInclude Include="src\inscomp\BlockSet.h">
      <Filter>Header Files\inscomp</Filter>
    </ClInclude>
    <ClInclude Include="src\inscomp\inscomp.h">
      <Filter>Header Files\inscomp</Filter>
    </ClInclude>
    <ClInclude Include="src\inscomp\inscomp_ext.h">
      <Filter>Header Files\inscomp</Filter>
    </ClInclude>
    <ClInclude Include="src\inscomp\modelInsight.h">
      <Filter>Header Files\inscomp</Filter>
    </ClInclude>
    <ClInclude Include="src\inscomp\modelInsightAccelerator.h">
      <Filter>Header Files\inscomp</Filter>
    </ClInclude>
    <ClInclude Include="src\inscomp\modelInsightPosterior.h">
      <Filter>Header Files\inscomp</Filter>
    </ClInclude>
    <ClInclude Include="src\inscomp\modelInsightSup.h">
      <Filter>Header Files\inscomp</Filter>
    </ClInclude>
    <ClInclude Include="src\inscomp\optBeta.16d.h">
      <Filter>Header Files\inscomp</Filter>
    </ClInclude>
    <ClInclude Include="src\inscomp\optBeta.h">
      <Filter>Header Files\inscomp</Filter>
    </ClInclude>
    <ClInclude Include="src\inscomp\optInsight.h">
      <Filter>Header Files\inscomp</Filter>
    </ClInclude>
    <ClInclude Include="src\inscomp\WLocus.h">
      <Filter>Header Files\inscomp</Filter>
    </ClInclude>
  </ItemGroup>
  <ItemGroup>
    <ClCompile Include="src\Insight2.cpp">
      <Filter>Source Files</Filter>
    </ClCompile>
  </ItemGroup>
</Project>